
Microsoft Visual Studio Solution File, Format Version 12.00
# Visual Studio Version 17
VisualStudioVersion = 17.3.32819.101
MinimumVisualStudioVersion = 10.0.40219.1
Project("{FAE04EC0-301F-11D3-BF4B-00C04F79EFBC}") = "WebQuanLyAppOnTap", "WebQuanLyAppOnTap.csproj", "{307ECA42-EAC7-4531-B15F-2C680051105C}"
EndProject
Global
	GlobalSection(SolutionConfigurationPlatforms) = preSolution
		Debug|Any CPU = Debug|Any CPU
		Release|Any CPU = Release|Any CPU
	EndGlobalSection
	GlobalSection(ProjectConfigurationPlatforms) = postSolution
		{307ECA42-EAC7-4531-B15F-2C680051105C}.Debug|Any CPU.ActiveCfg = Debug|Any CPU
		{307ECA42-EAC7-4531-B15F-2C680051105C}.Debug|Any CPU.Build.0 = Debug|Any CPU
		{307ECA42-EAC7-4531-B15F-2C680051105C}.Release|Any CPU.ActiveCfg = Release|Any CPU
		{307ECA42-EAC7-4531-B15F-2C680051105C}.Release|Any CPU.Build.0 = Release|Any CPU
	EndGlobalSection
	GlobalSection(SolutionProperties) = preSolution
		HideSolutionNode = FALSE
	EndGlobalSection
	GlobalSection(ExtensibilityGlobals) = postSolution
		SolutionGuid = {19A4B45D-D6CF-40B3-8C2A-5E4B56858F7E}
	EndGlobalSection
EndGlobal
